{"_meta":{"file-type":"spack-lockfile","lockfile-version":6,"specfile-version":5},"spack":{"version":"1.2.2","type":"git","commit":"3e19345b6e12f5ff1b874f4059622fc6a1fd804a"},"roots":[{"hash":"capiniym3wrtqjdqltb4545qqtiaduio","spec":"gcc@15+graphite+nvptx ^cuda@13"},{"hash":"zxnzrovitrn63gg6deqt4lr26x7se6q2","spec":"gcc@14+graphite+nvptx ^cuda@13"},{"hash":"xquoiowtk2m5b3lpm4x7t7yhyrxgh5jz","spec":"gcc@13+graphite+nvptx ^cuda@13"},{"hash":"yhxxdxzkpmm57bgo7vqrlk44rop4jlxv","spec":"nvhpc+lapack+mpi"}],"concrete_specs":{"capiniym3wrtqjdqltb4545qqtiaduio":{"name":"gcc","version":"15.3.0","arch":{"platform":"linux","platform_os":"almalinux9","target":"x86_64_v2"},"namespace":"builtin","parameters":{"binutils":true,"bootstrap":false,"build_system":"autotools","build_type":"RelWithDebInfo","futex":true,"graphite":true,"languages":["c","c++","fortran"],"libsanitizer":true,"mold":false,"nvptx":true,"patches":["b34614b89b7eb3af34e887bd04a458b8e283cba92a5628644a754b2821d570ad"],"piclibs":false,"strip":false,"cflags":[],"cppflags":[],"cxxflags":[],"fflags":[],"ldflags":[],"ldlibs":[]},"patches":["b34614b89b7eb3af34e887bd04a458b8e283cba92a5628644a754b2821d570ad"],"package_hash":"zuygixfti55walt7iqy4oofuqkeoxbnanlc5qzxxcrq6f4m7km4a====","dependencies":[{"name":"binutils","hash":"gju7f5o7u2gndi7fhiuedhr4w4nelqlb","parameters":{"deptypes":["build","link","run"],"virtuals":[]}},{"name":"compiler-wrapper","hash":"2ahofdiydb3j6pr5efi4m7jdrlr4yokb","parameters":{"deptypes":["build"],"virtuals":[]}},{"name":"cuda","hash":"ups55bflwpfsc2kkkjl563kyhiknysis","parameters":{"deptypes":["build","link"],"virtuals":[]}},{"name":"diffutils","hash":"nox4lnw36iqv3u7naiwyxjdnfkhiwwdi","parameters":{"deptypes":["build"],"virtuals":[]}},{"name":"gawk","hash":"abzq3a4qm3u3nqzkitkgovgfgf5obaxn","parameters":{"deptypes":["build"],"virtuals":[]}},{"name":"gcc","hash":"g4j5736iopg2je7egxcf32yc5xfxxrb7","parameters":{"deptypes":["build"],"virtuals":["c","cxx"]}},{"name":"gcc-runtime","hash":"vfp5uftj4bqrko7u7xujljry64yajar7","parameters":{"deptypes":["link"],"virtuals":[]}},{"name":"glibc","hash":"u4dhsemiddyx4ou5bdldghgk6lxhad6n","parameters":{"deptypes":["link"],"virtuals":["libc"]}},{"name":"gmake","hash":"ord2tfkwkl6odcfpkdjsn6m4aygloqlu","parameters":{"deptypes":["build"],"virtuals":[]}},{"name":"gmp","hash":"zn7we4q36r7pqwa6kf3hylvbpijgar7l","parameters":{"deptypes":["build","link"],"virtuals":[]}},{"name":"isl","hash":"tqyvexctfo2spbnvchyttlcvfci5du2u","parameters":{"deptypes":["build","link"],"virtuals":[]}},{"name":"libtool","hash":"5kmvph2ijnscwqjx2jz57q2k6j4mteqv","parameters":{"deptypes":["build"],"virtuals":[]}},{"name":"mpc","hash":"pvnb5mctftqq7fpjlujq6der6jk3tmzo","parameters":{"deptypes":["build","link"],"virtuals":[]}},{"name":"mpfr","hash":"zsnt37g7yhpbgn5tnt2ykh3rgqlc3bym","parameters":{"deptypes":["build","link"],"virtuals":[]}},{"name":"nvptx-tools","hash":"ddal6ww464rwydkhnr2eqsmbpinjj2b6","parameters":{"deptypes":["build"],"virtuals":[]}},{"name":"perl","hash":"uqz22zpwe3x2v3zqlpayyilqtpweatot","parameters":{"deptypes":["build"],"virtuals":[]}},{"name":"texinfo","hash":"4szujuxak6z56mxs3hga7rpmhm3x6mye","parameters":{"deptypes":["build"],"virtuals":[]}},{"name":"zlib","hash":"7lt3fygyk6s6n2c4mxd24bcuz6itpnep","parameters":{"deptypes":["build","link"],"virtuals":["zlib-api"]}},{"name":"zstd","hash":"wxmr4gxu3quaa7m5o7flzicaoaiwnb6p","parameters":{"deptypes":["build","link"],"virtuals":[]}}],"annotations":{"original_specfile_version":5},"hash":"capiniym3wrtqjdqltb4545qqtiaduio"},"gju7f5o7u2gndi7fhiuedhr4w4nelqlb":{"name":"binutils","version":"2.46.1","arch":{"platform":"linux","platform_os":"almalinux9","target":"x86_64_v2"},"namespace":"builtin","parameters":{"build_system":"autotools","compress_debug_sections":"zlib","debuginfod":false,"gas":true,"gprofng":false,"headers":false,"interwork":false,"ld":true,"libiberty":false,"libs":["shared","static"],"lto":false,"nls":false,"pgo":false,"plugins":true,"cflags":[],"cppflags":[],"cxxflags":[],"fflags":[],"ldflags":[],"ldlibs":[]},"package_hash":"jqaqf47kxmp57rnxofjmjpqpz26xa7heffb36crzkno5fbg5k65a====","dependencies":[{"name":"compiler-wrapper","hash":"2ahofdiydb3j6pr5efi4m7jdrlr4yokb","parameters":{"deptypes":["build"],"virtuals":[]}},{"name":"diffutils","hash":"nox4lnw36iqv3u7naiwyxjdnfkhiwwdi","parameters":{"deptypes":["build"],"virtuals":[]}},{"name":"gcc","hash":"g4j5736iopg2je7egxcf32yc5xfxxrb7","parameters":{"deptypes":["build"],"virtuals":["c","cxx"]}},{"name":"gcc-runtime","hash":"vfp5uftj4bqrko7u7xujljry64yajar7","parameters":{"deptypes":["link"],"virtuals":[]}},{"name":"glibc","hash":"u4dhsemiddyx4ou5bdldghgk6lxhad6n","parameters":{"deptypes":["link"],"virtuals":["libc"]}},{"name":"gmake","hash":"ord2tfkwkl6odcfpkdjsn6m4aygloqlu","parameters":{"deptypes":["build"],"virtuals":[]}},{"name":"pkg-config","hash":"d3bebzjrkzqt7tkxhgvra346mkimgl4j","parameters":{"deptypes":["build"],"virtuals":["pkgconfig"]}},{"name":"zlib","hash":"7lt3fygyk6s6n2c4mxd24bcuz6itpnep","parameters":{"deptypes":["build","link"],"virtuals":["zlib-api"]}},{"name":"zstd","hash":"wxmr4gxu3quaa7m5o7flzicaoaiwnb6p","parameters":{"deptypes":["build","link"],"virtuals":[]}}],"annotations":{"original_specfile_version":5},"hash":"gju7f5o7u2gndi7fhiuedhr4w4nelqlb"},"2ahofdiydb3j6pr5efi4m7jdrlr4yokb":{"name":"compiler-wrapper","version":"1.1.0","arch":{"platform":"linux","platform_os":"almalinux9","target":"x86_64_v2"},"namespace":"builtin","parameters":{"build_system":"generic","cflags":[],"cppflags":[],"cxxflags":[],"fflags":[],"ldflags":[],"ldlibs":[]},"package_hash":"krswqw733edchvgy6sdrysilrhnacucktrtqngbnbtcymxtsnkaa====","annotations":{"original_specfile_version":5},"hash":"2ahofdiydb3j6pr5efi4m7jdrlr4yokb"},"nox4lnw36iqv3u7naiwyxjdnfkhiwwdi":{"name":"diffutils","version":"3.7","arch":{"platform":"linux","platform_os":"almalinux9","target":"x86_64"},"namespace":"builtin","parameters":{"build_system":"autotools","cflags":[],"cppflags":[],"cxxflags":[],"fflags":[],"ldflags":[],"ldlibs":[]},"external":{"path":"/usr","module":null,"extra_attributes":{}},"package_hash":"xwbfbhyewa6iwhozjnfzk4gofjyef4ld732p77mav3dnknsoyisq====","annotations":{"original_specfile_version":5},"hash":"nox4lnw36iqv3u7naiwyxjdnfkhiwwdi"},"g4j5736iopg2je7egxcf32yc5xfxxrb7":{"name":"gcc","version":"11.5.0","arch":{"platform":"linux","platform_os":"almalinux9","target":"x86_64"},"namespace":"builtin","parameters":{"binutils":true,"bootstrap":true,"build_system":"autotools","build_type":"RelWithDebInfo","graphite":false,"languages":["c","c++","fortran"],"libsanitizer":true,"nvptx":false,"piclibs":false,"profiled":false,"strip":false,"cflags":[],"cppflags":[],"cxxflags":[],"fflags":[],"ldflags":[],"ldlibs":[]},"external":{"path":"/usr","module":null,"extra_attributes":{"compilers":{"c":"/usr/bin/gcc","cxx":"/usr/bin/g++","fortran":"/usr/bin/gfortran"}}},"package_hash":"r4hqteiczr3uxv756zgkr7fmq5kaf6trtyywo3yooy2mxcilybaa====","annotations":{"original_specfile_version":5},"hash":"g4j5736iopg2je7egxcf32yc5xfxxrb7"},"vfp5uftj4bqrko7u7xujljry64yajar7":{"name":"gcc-runtime","version":"11.5.0","arch":{"platform":"linux","platform_os":"almalinux9","target":"x86_64_v2"},"namespace":"builtin","parameters":{"build_system":"generic","cflags":[],"cppflags":[],"cxxflags":[],"fflags":[],"ldflags":[],"ldlibs":[]},"package_hash":"4wopkmadudswpydg45u4k2mzsyzwvmcmwre2cb735c7kd43qwpdq====","dependencies":[{"name":"gcc","hash":"g4j5736iopg2je7egxcf32yc5xfxxrb7","parameters":{"deptypes":["build"],"virtuals":[]}},{"name":"glibc","hash":"u4dhsemiddyx4ou5bdldghgk6lxhad6n","parameters":{"deptypes":["link"],"virtuals":["libc"]}}],"annotations":{"original_specfile_version":5},"hash":"vfp5uftj4bqrko7u7xujljry64yajar7"},"u4dhsemiddyx4ou5bdldghgk6lxhad6n":{"name":"glibc","version":"2.34","arch":{"platform":"linux","platform_os":"almalinux9","target":"x86_64"},"namespace":"builtin","parameters":{"build_system":"autotools","cflags":[],"cppflags":[],"cxxflags":[],"fflags":[],"ldflags":[],"ldlibs":[]},"external":{"path":"/usr","module":null,"extra_attributes":{}},"package_hash":"bqjh6kzo46bmtlgd4ussxf3a3opg4hwumodkjsmpkinkd55f7apq====","annotations":{"original_specfile_version":5},"hash":"u4dhsemiddyx4ou5bdldghgk6lxhad6n"},"ord2tfkwkl6odcfpkdjsn6m4aygloqlu":{"name":"gmake","version":"4.3","arch":{"platform":"linux","platform_os":"almalinux9","target":"x86_64"},"namespace":"builtin","parameters":{"build_system":"generic","guile":false,"cflags":[],"cppflags":[],"cxxflags":[],"fflags":[],"ldflags":[],"ldlibs":[]},"external":{"path":"/usr","module":null,"extra_attributes":{}},"package_hash":"yasiopltoes6a3st7be4omlpfoxi7d655vb354fhh3hzvsht5vwq====","annotations":{"original_specfile_version":5},"hash":"ord2tfkwkl6odcfpkdjsn6m4aygloqlu"},"d3bebzjrkzqt7tkxhgvra346mkimgl4j":{"name":"pkg-config","version":"1.7.3","arch":{"platform":"linux","platform_os":"almalinux9","target":"x86_64"},"namespace":"builtin","parameters":{"build_system":"autotools","internal_glib":true,"cflags":[],"cppflags":[],"cxxflags":[],"fflags":[],"ldflags":[],"ldlibs":[]},"external":{"path":"/usr","module":null,"extra_attributes":{}},"package_hash":"m6iweded233mdc2ncq4gks7civ7y6fc5ljz3dfswwf6rxjeuydiq====","annotations":{"original_specfile_version":5},"hash":"d3bebzjrkzqt7tkxhgvra346mkimgl4j"},"7lt3fygyk6s6n2c4mxd24bcuz6itpnep":{"name":"zlib","version":"1.2.11","arch":{"platform":"linux","platform_os":"almalinux9","target":"x86_64"},"namespace":"builtin","parameters":{"build_system":"makefile","optimize":true,"pic":true,"shared":true,"cflags":[],"cppflags":[],"cxxflags":[],"fflags":[],"ldflags":[],"ldlibs":[]},"external":{"path":"/usr","module":null,"extra_attributes":{}},"package_hash":"yrrc7m4zqhoucz7c75czyetmbld2igm24y4q3wdrjq3j2eyhl5tq====","annotations":{"original_specfile_version":5},"hash":"7lt3fygyk6s6n2c4mxd24bcuz6itpnep"},"wxmr4gxu3quaa7m5o7flzicaoaiwnb6p":{"name":"zstd","version":"1.5.7","arch":{"platform":"linux","platform_os":"almalinux9","target":"x86_64_v2"},"namespace":"builtin","parameters":{"build_system":"makefile","libs":["shared","static"],"programs":false,"cflags":[],"cppflags":[],"cxxflags":[],"fflags":[],"ldflags":[],"ldlibs":[]},"package_hash":"wboc256qmgsrykonxftejdfurvumzlypglynd5a4gyqedm2fyhvq====","dependencies":[{"name":"compiler-wrapper","hash":"2ahofdiydb3j6pr5efi4m7jdrlr4yokb","parameters":{"deptypes":["build"],"virtuals":[]}},{"name":"gcc","hash":"g4j5736iopg2je7egxcf32yc5xfxxrb7","parameters":{"deptypes":["build"],"virtuals":["c","cxx"]}},{"name":"gcc-runtime","hash":"vfp5uftj4bqrko7u7xujljry64yajar7","parameters":{"deptypes":["link"],"virtuals":[]}},{"name":"glibc","hash":"u4dhsemiddyx4ou5bdldghgk6lxhad6n","parameters":{"deptypes":["link"],"virtuals":["libc"]}},{"name":"gmake","hash":"ord2tfkwkl6odcfpkdjsn6m4aygloqlu","parameters":{"deptypes":["build"],"virtuals":[]}}],"annotations":{"original_specfile_version":5},"hash":"wxmr4gxu3quaa7m5o7flzicaoaiwnb6p"},"ups55bflwpfsc2kkkjl563kyhiknysis":{"name":"cuda","version":"13.3.0","arch":{"platform":"linux","platform_os":"almalinux9","target":"x86_64_v2"},"namespace":"builtin","parameters":{"allow-unsupported-compilers":false,"build_system":"generic","dev":false,"cflags":[],"cppflags":[],"cxxflags":[],"fflags":[],"ldflags":[],"ldlibs":[]},"package_hash":"mamwmf2nzvhptjq65jwu4nwvyv3g3bc5malqenqggfy2g6pyit4q====","dependencies":[{"name":"coreutils","hash":"47mm2ex5v72cmam5xxvpwxswoxqu4vix","parameters":{"deptypes":["build"],"virtuals":[]}},{"name":"gzip","hash":"xfcd322ynaqslfawy6m56je7fb6ackzc","parameters":{"deptypes":["build"],"virtuals":[]}},{"name":"libxml2","hash":"ah4e6qvizyhggovjccy5drt523jg7zvi","parameters":{"deptypes":["build"],"virtuals":[]}}],"annotations":{"original_specfile_version":5},"hash":"ups55bflwpfsc2kkkjl563kyhiknysis"},"47mm2ex5v72cmam5xxvpwxswoxqu4vix":{"name":"coreutils","version":"8.32","arch":{"platform":"linux","platform_os":"almalinux9","target":"x86_64"},"namespace":"builtin","parameters":{"build_system":"autotools","gprefix":false,"cflags":[],"cppflags":[],"cxxflags":[],"fflags":[],"ldflags":[],"ldlibs":[]},"external":{"path":"/usr","module":null,"extra_attributes":{}},"package_hash":"7vutzgl6rnzznkkibfzmifdykhn6sfllzaptxizu2pd2puthga5q====","annotations":{"original_specfile_version":5},"hash":"47mm2ex5v72cmam5xxvpwxswoxqu4vix"},"xfcd322ynaqslfawy6m56je7fb6ackzc":{"name":"gzip","version":"1.14","arch":{"platform":"linux","platform_os":"almalinux9","target":"x86_64_v2"},"namespace":"builtin","parameters":{"build_system":"autotools","cflags":[],"cppflags":[],"cxxflags":[],"fflags":[],"ldflags":[],"ldlibs":[]},"package_hash":"d43gi35vm6limw4sfa244yqxmxcc2hscv4yskrhobiwks5pvg5ka====","dependencies":[{"name":"compiler-wrapper","hash":"2ahofdiydb3j6pr5efi4m7jdrlr4yokb","parameters":{"deptypes":["build"],"virtuals":[]}},{"name":"gcc","hash":"g4j5736iopg2je7egxcf32yc5xfxxrb7","parameters":{"deptypes":["build"],"virtuals":["c"]}},{"name":"gcc-runtime","hash":"vfp5uftj4bqrko7u7xujljry64yajar7","parameters":{"deptypes":["link"],"virtuals":[]}},{"name":"glibc","hash":"u4dhsemiddyx4ou5bdldghgk6lxhad6n","parameters":{"deptypes":["link"],"virtuals":["libc"]}},{"name":"gmake","hash":"ord2tfkwkl6odcfpkdjsn6m4aygloqlu","parameters":{"deptypes":["build"],"virtuals":[]}}],"annotations":{"original_specfile_version":5},"hash":"xfcd322ynaqslfawy6m56je7fb6ackzc"},"ah4e6qvizyhggovjccy5drt523jg7zvi":{"name":"libxml2","version":"2.9.13","arch":{"platform":"linux","platform_os":"almalinux9","target":"x86_64"},"namespace":"builtin","parameters":{"build_system":"autotools","http":false,"pic":true,"python":false,"shared":true,"cflags":[],"cppflags":[],"cxxflags":[],"fflags":[],"ldflags":[],"ldlibs":[]},"external":{"path":"/usr","module":null,"extra_attributes":{}},"package_hash":"uiwgzalbrab4glro2b4th5qhdn2hhcb7mkrxehxj6jtwuhzfoija====","annotations":{"original_specfile_version":5},"hash":"ah4e6qvizyhggovjccy5drt523jg7zvi"},"abzq3a4qm3u3nqzkitkgovgfgf5obaxn":{"name":"gawk","version":"5.1.0","arch":{"platform":"linux","platform_os":"almalinux9","target":"x86_64"},"namespace":"builtin","parameters":{"build_system":"autotools","nls":false,"cflags":[],"cppflags":[],"cxxflags":[],"fflags":[],"ldflags":[],"ldlibs":[]},"external":{"path":"/usr","module":null,"extra_attributes":{}},"package_hash":"tnbukqcodzurw7246iiozzfdhtizxtkajcdsinypl3kha2o2rfua====","annotations":{"original_specfile_version":5},"hash":"abzq3a4qm3u3nqzkitkgovgfgf5obaxn"},"zn7we4q36r7pqwa6kf3hylvbpijgar7l":{"name":"gmp","version":"6.3.0","arch":{"platform":"linux","platform_os":"almalinux9","target":"x86_64_v2"},"namespace":"builtin","parameters":{"build_system":"autotools","cxx":true,"libs":["shared","static"],"cflags":[],"cppflags":[],"cxxflags":[],"fflags":[],"ldflags":[],"ldlibs":[]},"package_hash":"ej6jun3ycycc3nv2f2qneg7ioqg75z6nojixjy5gsl4sryjap3ga====","dependencies":[{"name":"autoconf","hash":"te5mcgtbjrz4zok6hu37m4n45wmixmjb","parameters":{"deptypes":["build"],"virtuals":[]}},{"name":"automake","hash":"bzvjvjfwhflipexkjr6q3ys2qybpj63u","parameters":{"deptypes":["build"],"virtuals":[]}},{"name":"compiler-wrapper","hash":"2ahofdiydb3j6pr5efi4m7jdrlr4yokb","parameters":{"deptypes":["build"],"virtuals":[]}},{"name":"gcc","hash":"g4j5736iopg2je7egxcf32yc5xfxxrb7","parameters":{"deptypes":["build"],"virtuals":["c","cxx"]}},{"name":"gcc-runtime","hash":"vfp5uftj4bqrko7u7xujljry64yajar7","parameters":{"deptypes":["link"],"virtuals":[]}},{"name":"glibc","hash":"u4dhsemiddyx4ou5bdldghgk6lxhad6n","parameters":{"deptypes":["link"],"virtuals":["libc"]}},{"name":"gmake","hash":"ord2tfkwkl6odcfpkdjsn6m4aygloqlu","parameters":{"deptypes":["build"],"virtuals":[]}},{"name":"libtool","hash":"fvmm7lzxscaosmqglx6aeqkuw2n2hkmb","parameters":{"deptypes":["build"],"virtuals":[]}},{"name":"m4","hash":"faemjxf5tzz32kad3jyn3nbt2zp2xp7r","parameters":{"deptypes":["build"],"virtuals":[]}}],"annotations":{"original_specfile_version":5},"hash":"zn7we4q36r7pqwa6kf3hylvbpijgar7l"},"te5mcgtbjrz4zok6hu37m4n45wmixmjb":{"name":"autoconf","version":"2.69","arch":{"platform":"linux","platform_os":"almalinux9","target":"x86_64"},"namespace":"builtin","parameters":{"build_system":"autotools","cflags":[],"cppflags":[],"cxxflags":[],"fflags":[],"ldflags":[],"ldlibs":[]},"external":{"path":"/usr","module":null,"extra_attributes":{}},"package_hash":"zipi4haoqqzlo5vmq5yh6educsnibh5dg5zjn7pgncouksf4rosa====","annotations":{"original_specfile_version":5},"hash":"te5mcgtbjrz4zok6hu37m4n45wmixmjb"},"bzvjvjfwhflipexkjr6q3ys2qybpj63u":{"name":"automake","version":"1.16.2","arch":{"platform":"linux","platform_os":"almalinux9","target":"x86_64"},"namespace":"builtin","parameters":{"build_system":"autotools","cflags":[],"cppflags":[],"cxxflags":[],"fflags":[],"ldflags":[],"ldlibs":[]},"external":{"path":"/usr","module":null,"extra_attributes":{}},"package_hash":"qzpdklgn64snr3gfoklcosgnsocfqt4nhgi7l4pptmmclowj6z7q====","annotations":{"original_specfile_version":5},"hash":"bzvjvjfwhflipexkjr6q3ys2qybpj63u"},"fvmm7lzxscaosmqglx6aeqkuw2n2hkmb":{"name":"libtool","version":"2.4.6","arch":{"platform":"linux","platform_os":"almalinux9","target":"x86_64"},"namespace":"builtin","parameters":{"build_system":"autotools","cflags":[],"cppflags":[],"cxxflags":[],"fflags":[],"ldflags":[],"ldlibs":[]},"external":{"path":"/usr","module":null,"extra_attributes":{}},"package_hash":"otodf6mupuelbto6jld4tih44mkkfyzszul4cteyxzq4xq7spaea====","annotations":{"original_specfile_version":5},"hash":"fvmm7lzxscaosmqglx6aeqkuw2n2hkmb"},"faemjxf5tzz32kad3jyn3nbt2zp2xp7r":{"name":"m4","version":"1.4.19","arch":{"platform":"linux","platform_os":"almalinux9","target":"x86_64"},"namespace":"builtin","parameters":{"build_system":"autotools","sigsegv":true,"cflags":[],"cppflags":[],"cxxflags":[],"fflags":[],"ldflags":[],"ldlibs":[]},"external":{"path":"/usr","module":null,"extra_attributes":{}},"package_hash":"da6s26rqma5g4sirohqq5v6ydtdobkxxg7qqpcacnczrxewd57ta====","annotations":{"original_specfile_version":5},"hash":"faemjxf5tzz32kad3jyn3nbt2zp2xp7r"},"tqyvexctfo2spbnvchyttlcvfci5du2u":{"name":"isl","version":"0.27","arch":{"platform":"linux","platform_os":"almalinux9","target":"x86_64_v2"},"namespace":"builtin","parameters":{"build_system":"autotools","cflags":[],"cppflags":[],"cxxflags":[],"fflags":[],"ldflags":[],"ldlibs":[]},"package_hash":"c6r35upd65iyyyyeaurgnpx4qu74mjx5ho5yscorzdlymhupldgq====","dependencies":[{"name":"compiler-wrapper","hash":"2ahofdiydb3j6pr5efi4m7jdrlr4yokb","parameters":{"deptypes":["build"],"virtuals":[]}},{"name":"gcc","hash":"g4j5736iopg2je7egxcf32yc5xfxxrb7","parameters":{"deptypes":["build"],"virtuals":["c","cxx"]}},{"name":"gcc-runtime","hash":"vfp5uftj4bqrko7u7xujljry64yajar7","parameters":{"deptypes":["link"],"virtuals":[]}},{"name":"glibc","hash":"u4dhsemiddyx4ou5bdldghgk6lxhad6n","parameters":{"deptypes":["link"],"virtuals":["libc"]}},{"name":"gmake","hash":"ord2tfkwkl6odcfpkdjsn6m4aygloqlu","parameters":{"deptypes":["build"],"virtuals":[]}},{"name":"gmp","hash":"zn7we4q36r7pqwa6kf3hylvbpijgar7l","parameters":{"deptypes":["build","link"],"virtuals":[]}}],"annotations":{"original_specfile_version":5},"hash":"tqyvexctfo2spbnvchyttlcvfci5du2u"},"5kmvph2ijnscwqjx2jz57q2k6j4mteqv":{"name":"libtool","version":"2.4.6","arch":{"platform":"linux","platform_os":"almalinux9","target":"x86_64"},"namespace":"builtin","parameters":{"build_system":"autotools","cflags":[],"cppflags":[],"cxxflags":[],"fflags":[],"ldflags":[],"ldlibs":[]},"external":{"path":"/usr","module":null,"extra_attributes":{}},"package_hash":"hj3h6rrksqoopxylillps76dcudwp3kcntythukyitpo5f23tufa====","annotations":{"original_specfile_version":5},"hash":"5kmvph2ijnscwqjx2jz57q2k6j4mteqv"},"pvnb5mctftqq7fpjlujq6der6jk3tmzo":{"name":"mpc","version":"1.4.1","arch":{"platform":"linux","platform_os":"almalinux9","target":"x86_64_v2"},"namespace":"builtin","parameters":{"build_system":"autotools","libs":["shared","static"],"cflags":[],"cppflags":[],"cxxflags":[],"fflags":[],"ldflags":[],"ldlibs":[]},"package_hash":"lmfkii3hhsmn3rubvecq2herfepppcea4jxzg7ul7fpncpcfbhvq====","dependencies":[{"name":"compiler-wrapper","hash":"2ahofdiydb3j6pr5efi4m7jdrlr4yokb","parameters":{"deptypes":["build"],"virtuals":[]}},{"name":"gcc","hash":"g4j5736iopg2je7egxcf32yc5xfxxrb7","parameters":{"deptypes":["build"],"virtuals":["c"]}},{"name":"gcc-runtime","hash":"vfp5uftj4bqrko7u7xujljry64yajar7","parameters":{"deptypes":["link"],"virtuals":[]}},{"name":"glibc","hash":"u4dhsemiddyx4ou5bdldghgk6lxhad6n","parameters":{"deptypes":["link"],"virtuals":["libc"]}},{"name":"gmake","hash":"ord2tfkwkl6odcfpkdjsn6m4aygloqlu","parameters":{"deptypes":["build"],"virtuals":[]}},{"name":"gmp","hash":"zn7we4q36r7pqwa6kf3hylvbpijgar7l","parameters":{"deptypes":["build","link"],"virtuals":[]}},{"name":"mpfr","hash":"zsnt37g7yhpbgn5tnt2ykh3rgqlc3bym","parameters":{"deptypes":["build","link"],"virtuals":[]}}],"annotations":{"original_specfile_version":5},"hash":"pvnb5mctftqq7fpjlujq6der6jk3tmzo"},"zsnt37g7yhpbgn5tnt2ykh3rgqlc3bym":{"name":"mpfr","version":"4.2.2","arch":{"platform":"linux","platform_os":"almalinux9","target":"x86_64_v2"},"namespace":"builtin","parameters":{"build_system":"autotools","libs":["shared","static"],"cflags":[],"cppflags":[],"cxxflags":[],"fflags":[],"ldflags":[],"ldlibs":[]},"package_hash":"syks23o7i2b6qg24asnvlsv7feu2tgt5zqx3tbk225aehjpa4j5q====","dependencies":[{"name":"autoconf","hash":"te5mcgtbjrz4zok6hu37m4n45wmixmjb","parameters":{"deptypes":["build"],"virtuals":[]}},{"name":"autoconf-archive","hash":"fq3x2kz6dg3tsluf3mvafm5ndbca2geh","parameters":{"deptypes":["build"],"virtuals":[]}},{"name":"automake","hash":"bzvjvjfwhflipexkjr6q3ys2qybpj63u","parameters":{"deptypes":["build"],"virtuals":[]}},{"name":"compiler-wrapper","hash":"2ahofdiydb3j6pr5efi4m7jdrlr4yokb","parameters":{"deptypes":["build"],"virtuals":[]}},{"name":"gcc","hash":"g4j5736iopg2je7egxcf32yc5xfxxrb7","parameters":{"deptypes":["build"],"virtuals":["c"]}},{"name":"gcc-runtime","hash":"vfp5uftj4bqrko7u7xujljry64yajar7","parameters":{"deptypes":["link"],"virtuals":[]}},{"name":"glibc","hash":"u4dhsemiddyx4ou5bdldghgk6lxhad6n","parameters":{"deptypes":["link"],"virtuals":["libc"]}},{"name":"gmake","hash":"ord2tfkwkl6odcfpkdjsn6m4aygloqlu","parameters":{"deptypes":["build"],"virtuals":[]}},{"name":"gmp","hash":"zn7we4q36r7pqwa6kf3hylvbpijgar7l","parameters":{"deptypes":["build","link"],"virtuals":[]}},{"name":"libtool","hash":"fvmm7lzxscaosmqglx6aeqkuw2n2hkmb","parameters":{"deptypes":["build"],"virtuals":[]}},{"name":"m4","hash":"faemjxf5tzz32kad3jyn3nbt2zp2xp7r","parameters":{"deptypes":["build"],"virtuals":[]}},{"name":"texinfo","hash":"4szujuxak6z56mxs3hga7rpmhm3x6mye","parameters":{"deptypes":["build"],"virtuals":[]}}],"annotations":{"original_specfile_version":5},"hash":"zsnt37g7yhpbgn5tnt2ykh3rgqlc3bym"},"fq3x2kz6dg3tsluf3mvafm5ndbca2geh":{"name":"autoconf-archive","version":"2024.10.16","arch":{"platform":"linux","platform_os":"almalinux9","target":"x86_64_v2"},"namespace":"builtin","parameters":{"build_system":"autotools","cflags":[],"cppflags":[],"cxxflags":[],"fflags":[],"ldflags":[],"ldlibs":[]},"package_hash":"e5oxtnu3wdwnuikzsyzqjzeql24qn2ailrhq67egf6wrlk6xadxq====","dependencies":[{"name":"gmake","hash":"ord2tfkwkl6odcfpkdjsn6m4aygloqlu","parameters":{"deptypes":["build"],"virtuals":[]}}],"annotations":{"original_specfile_version":5},"hash":"fq3x2kz6dg3tsluf3mvafm5ndbca2geh"},"4szujuxak6z56mxs3hga7rpmhm3x6mye":{"name":"texinfo","version":"6.7","arch":{"platform":"linux","platform_os":"almalinux9","target":"x86_64"},"namespace":"builtin","parameters":{"build_system":"autotools","xs":false,"cflags":[],"cppflags":[],"cxxflags":[],"fflags":[],"ldflags":[],"ldlibs":[]},"external":{"path":"/usr","module":null,"extra_attributes":{}},"package_hash":"5hz2femlqhs2wqzge5pvemsy2w5uj4gpaw7bow5rdf3urtdc7uha====","annotations":{"original_specfile_version":5},"hash":"4szujuxak6z56mxs3hga7rpmhm3x6mye"},"ddal6ww464rwydkhnr2eqsmbpinjj2b6":{"name":"nvptx-tools","version":"2023-09-13","arch":{"platform":"linux","platform_os":"almalinux9","target":"x86_64_v3"},"namespace":"builtin","parameters":{"build_system":"autotools","commit":"c321f1a3573dd89a12e3291d690207685a34df6e","cflags":[],"cppflags":[],"cxxflags":[],"fflags":[],"ldflags":[],"ldlibs":[]},"package_hash":"yafmgtjqlld26uanthhodngf2cpfzsq44ugj62c255jp7mp3wiia====","dependencies":[{"name":"binutils","hash":"gju7f5o7u2gndi7fhiuedhr4w4nelqlb","parameters":{"deptypes":["build","link"],"virtuals":[]}},{"name":"compiler-wrapper","hash":"xoksebje6tn3jivjojyigi2lmcgdxzum","parameters":{"deptypes":["build"],"virtuals":[]}},{"name":"cuda","hash":"ups55bflwpfsc2kkkjl563kyhiknysis","parameters":{"deptypes":["build","link"],"virtuals":[]}},{"name":"gcc","hash":"g4j5736iopg2je7egxcf32yc5xfxxrb7","parameters":{"deptypes":["build"],"virtuals":["c","cxx"]}},{"name":"gcc-runtime","hash":"ooeoax367sthk7vgbcl7bqay24xfrp7y","parameters":{"deptypes":["link"],"virtuals":[]}},{"name":"glibc","hash":"u4dhsemiddyx4ou5bdldghgk6lxhad6n","parameters":{"deptypes":["link"],"virtuals":["libc"]}},{"name":"gmake","hash":"ord2tfkwkl6odcfpkdjsn6m4aygloqlu","parameters":{"deptypes":["build"],"virtuals":[]}}],"annotations":{"original_specfile_version":5},"hash":"ddal6ww464rwydkhnr2eqsmbpinjj2b6"},"xoksebje6tn3jivjojyigi2lmcgdxzum":{"name":"compiler-wrapper","version":"1.1.0","arch":{"platform":"linux","platform_os":"almalinux9","target":"x86_64_v3"},"namespace":"builtin","parameters":{"build_system":"generic","cflags":[],"cppflags":[],"cxxflags":[],"fflags":[],"ldflags":[],"ldlibs":[]},"package_hash":"krswqw733edchvgy6sdrysilrhnacucktrtqngbnbtcymxtsnkaa====","annotations":{"original_specfile_version":5},"hash":"xoksebje6tn3jivjojyigi2lmcgdxzum"},"ooeoax367sthk7vgbcl7bqay24xfrp7y":{"name":"gcc-runtime","version":"11.5.0","arch":{"platform":"linux","platform_os":"almalinux9","target":"x86_64_v3"},"namespace":"builtin","parameters":{"build_system":"generic","cflags":[],"cppflags":[],"cxxflags":[],"fflags":[],"ldflags":[],"ldlibs":[]},"package_hash":"4wopkmadudswpydg45u4k2mzsyzwvmcmwre2cb735c7kd43qwpdq====","dependencies":[{"name":"gcc","hash":"g4j5736iopg2je7egxcf32yc5xfxxrb7","parameters":{"deptypes":["build"],"virtuals":[]}},{"name":"glibc","hash":"u4dhsemiddyx4ou5bdldghgk6lxhad6n","parameters":{"deptypes":["link"],"virtuals":["libc"]}}],"annotations":{"original_specfile_version":5},"hash":"ooeoax367sthk7vgbcl7bqay24xfrp7y"},"uqz22zpwe3x2v3zqlpayyilqtpweatot":{"name":"perl","version":"5.32.1","arch":{"platform":"linux","platform_os":"almalinux9","target":"x86_64"},"namespace":"builtin","parameters":{"build_system":"generic","cpanm":false,"opcode":true,"open":true,"shared":true,"threads":true,"cflags":[],"cppflags":[],"cxxflags":[],"fflags":[],"ldflags":[],"ldlibs":[]},"external":{"path":"/usr","module":null,"extra_attributes":{}},"package_hash":"543tkfkm3czr6exosaf75qczwskqb6xpayoscf4tzpcwa7qh5gaa====","annotations":{"original_specfile_version":5},"hash":"uqz22zpwe3x2v3zqlpayyilqtpweatot"},"zxnzrovitrn63gg6deqt4lr26x7se6q2":{"name":"gcc","version":"14.4.0","arch":{"platform":"linux","platform_os":"almalinux9","target":"x86_64_v2"},"namespace":"builtin","parameters":{"binutils":true,"bootstrap":false,"build_system":"autotools","build_type":"RelWithDebInfo","futex":true,"graphite":true,"languages":["c","c++","fortran"],"libsanitizer":true,"mold":false,"nvptx":true,"patches":["8b79314a8a96672b37a26b20bf036ba4bfed1e7215859b0c3e3c3ea5e90c8036","d1fcc99ee65e76ca21ffcf0e3755e97fdd8a5ee5cdd87a3f70d1920c8168d3b9"],"piclibs":false,"strip":false,"cflags":[],"cppflags":[],"cxxflags":[],"fflags":[],"ldflags":[],"ldlibs":[]},"patches":["8b79314a8a96672b37a26b20bf036ba4bfed1e7215859b0c3e3c3ea5e90c8036","d1fcc99ee65e76ca21ffcf0e3755e97fdd8a5ee5cdd87a3f70d1920c8168d3b9"],"package_hash":"g5hfhkpwyvxxb5ko5p3l3vjhfaecyqmhkmtueifuv4qv26wl66xq====","dependencies":[{"name":"binutils","hash":"gju7f5o7u2gndi7fhiuedhr4w4nelqlb","parameters":{"deptypes":["build","link","run"],"virtuals":[]}},{"name":"compiler-wrapper","hash":"2ahofdiydb3j6pr5efi4m7jdrlr4yokb","parameters":{"deptypes":["build"],"virtuals":[]}},{"name":"cuda","hash":"ups55bflwpfsc2kkkjl563kyhiknysis","parameters":{"deptypes":["build","link"],"virtuals":[]}},{"name":"diffutils","hash":"nox4lnw36iqv3u7naiwyxjdnfkhiwwdi","parameters":{"deptypes":["build"],"virtuals":[]}},{"name":"gawk","hash":"abzq3a4qm3u3nqzkitkgovgfgf5obaxn","parameters":{"deptypes":["build"],"virtuals":[]}},{"name":"gcc","hash":"g4j5736iopg2je7egxcf32yc5xfxxrb7","parameters":{"deptypes":["build"],"virtuals":["c","cxx"]}},{"name":"gcc-runtime","hash":"vfp5uftj4bqrko7u7xujljry64yajar7","parameters":{"deptypes":["link"],"virtuals":[]}},{"name":"glibc","hash":"u4dhsemiddyx4ou5bdldghgk6lxhad6n","parameters":{"deptypes":["link"],"virtuals":["libc"]}},{"name":"gmake","hash":"ord2tfkwkl6odcfpkdjsn6m4aygloqlu","parameters":{"deptypes":["build"],"virtuals":[]}},{"name":"gmp","hash":"zn7we4q36r7pqwa6kf3hylvbpijgar7l","parameters":{"deptypes":["build","link"],"virtuals":[]}},{"name":"isl","hash":"tqyvexctfo2spbnvchyttlcvfci5du2u","parameters":{"deptypes":["build","link"],"virtuals":[]}},{"name":"libtool","hash":"5kmvph2ijnscwqjx2jz57q2k6j4mteqv","parameters":{"deptypes":["build"],"virtuals":[]}},{"name":"mpc","hash":"pvnb5mctftqq7fpjlujq6der6jk3tmzo","parameters":{"deptypes":["build","link"],"virtuals":[]}},{"name":"mpfr","hash":"zsnt37g7yhpbgn5tnt2ykh3rgqlc3bym","parameters":{"deptypes":["build","link"],"virtuals":[]}},{"name":"nvptx-tools","hash":"ddal6ww464rwydkhnr2eqsmbpinjj2b6","parameters":{"deptypes":["build"],"virtuals":[]}},{"name":"perl","hash":"uqz22zpwe3x2v3zqlpayyilqtpweatot","parameters":{"deptypes":["build"],"virtuals":[]}},{"name":"texinfo","hash":"4szujuxak6z56mxs3hga7rpmhm3x6mye","parameters":{"deptypes":["build"],"virtuals":[]}},{"name":"zlib","hash":"7lt3fygyk6s6n2c4mxd24bcuz6itpnep","parameters":{"deptypes":["build","link"],"virtuals":["zlib-api"]}},{"name":"zstd","hash":"wxmr4gxu3quaa7m5o7flzicaoaiwnb6p","parameters":{"deptypes":["build","link"],"virtuals":[]}}],"annotations":{"original_specfile_version":5},"hash":"zxnzrovitrn63gg6deqt4lr26x7se6q2"},"xquoiowtk2m5b3lpm4x7t7yhyrxgh5jz":{"name":"gcc","version":"13.4.0","arch":{"platform":"linux","platform_os":"almalinux9","target":"x86_64_v2"},"namespace":"builtin","parameters":{"binutils":true,"bootstrap":false,"build_system":"autotools","build_type":"RelWithDebInfo","futex":true,"graphite":true,"languages":["c","c++","fortran"],"libsanitizer":true,"mold":false,"nvptx":true,"patches":["8b79314a8a96672b37a26b20bf036ba4bfed1e7215859b0c3e3c3ea5e90c8036","d1fcc99ee65e76ca21ffcf0e3755e97fdd8a5ee5cdd87a3f70d1920c8168d3b9"],"piclibs":false,"strip":false,"cflags":[],"cppflags":[],"cxxflags":[],"fflags":[],"ldflags":[],"ldlibs":[]},"patches":["8b79314a8a96672b37a26b20bf036ba4bfed1e7215859b0c3e3c3ea5e90c8036","d1fcc99ee65e76ca21ffcf0e3755e97fdd8a5ee5cdd87a3f70d1920c8168d3b9"],"package_hash":"d2qhtzdtmc5rs53o3gh4eelsampjd27345nyuaxhe2z7bvcbolua====","dependencies":[{"name":"binutils","hash":"gju7f5o7u2gndi7fhiuedhr4w4nelqlb","parameters":{"deptypes":["build","link","run"],"virtuals":[]}},{"name":"compiler-wrapper","hash":"2ahofdiydb3j6pr5efi4m7jdrlr4yokb","parameters":{"deptypes":["build"],"virtuals":[]}},{"name":"cuda","hash":"ups55bflwpfsc2kkkjl563kyhiknysis","parameters":{"deptypes":["build","link"],"virtuals":[]}},{"name":"diffutils","hash":"nox4lnw36iqv3u7naiwyxjdnfkhiwwdi","parameters":{"deptypes":["build"],"virtuals":[]}},{"name":"gawk","hash":"abzq3a4qm3u3nqzkitkgovgfgf5obaxn","parameters":{"deptypes":["build"],"virtuals":[]}},{"name":"gcc","hash":"g4j5736iopg2je7egxcf32yc5xfxxrb7","parameters":{"deptypes":["build"],"virtuals":["c","cxx"]}},{"name":"gcc-runtime","hash":"vfp5uftj4bqrko7u7xujljry64yajar7","parameters":{"deptypes":["link"],"virtuals":[]}},{"name":"glibc","hash":"u4dhsemiddyx4ou5bdldghgk6lxhad6n","parameters":{"deptypes":["link"],"virtuals":["libc"]}},{"name":"gmake","hash":"ord2tfkwkl6odcfpkdjsn6m4aygloqlu","parameters":{"deptypes":["build"],"virtuals":[]}},{"name":"gmp","hash":"zn7we4q36r7pqwa6kf3hylvbpijgar7l","parameters":{"deptypes":["build","link"],"virtuals":[]}},{"name":"isl","hash":"tqyvexctfo2spbnvchyttlcvfci5du2u","parameters":{"deptypes":["build","link"],"virtuals":[]}},{"name":"libtool","hash":"fvmm7lzxscaosmqglx6aeqkuw2n2hkmb","parameters":{"deptypes":["build"],"virtuals":[]}},{"name":"mpc","hash":"pvnb5mctftqq7fpjlujq6der6jk3tmzo","parameters":{"deptypes":["build","link"],"virtuals":[]}},{"name":"mpfr","hash":"zsnt37g7yhpbgn5tnt2ykh3rgqlc3bym","parameters":{"deptypes":["build","link"],"virtuals":[]}},{"name":"nvptx-tools","hash":"ddal6ww464rwydkhnr2eqsmbpinjj2b6","parameters":{"deptypes":["build"],"virtuals":[]}},{"name":"perl","hash":"uqz22zpwe3x2v3zqlpayyilqtpweatot","parameters":{"deptypes":["build"],"virtuals":[]}},{"name":"texinfo","hash":"4szujuxak6z56mxs3hga7rpmhm3x6mye","parameters":{"deptypes":["build"],"virtuals":[]}},{"name":"zlib","hash":"7lt3fygyk6s6n2c4mxd24bcuz6itpnep","parameters":{"deptypes":["build","link"],"virtuals":["zlib-api"]}},{"name":"zstd","hash":"wxmr4gxu3quaa7m5o7flzicaoaiwnb6p","parameters":{"deptypes":["build","link"],"virtuals":[]}}],"annotations":{"original_specfile_version":5},"hash":"xquoiowtk2m5b3lpm4x7t7yhyrxgh5jz"},"yhxxdxzkpmm57bgo7vqrlk44rop4jlxv":{"name":"nvhpc","version":"26.3","arch":{"platform":"linux","platform_os":"almalinux9","target":"x86_64_v2"},"namespace":"builtin","parameters":{"blas":true,"build_system":"generic","default_cuda":"default","install_type":"single","lapack":true,"mpi":true,"cflags":[],"cppflags":[],"cxxflags":[],"fflags":[],"ldflags":[],"ldlibs":[]},"package_hash":"nhlfcfcgremvt7woy24gfz6s7pjcduwmr5ahp64nvdhc2mp54jtq====","dependencies":[{"name":"gcc","hash":"al3vskrjwcrrifh4l5xkq74urz4fdi6h","parameters":{"deptypes":["run"],"virtuals":[]}}],"annotations":{"original_specfile_version":5},"hash":"yhxxdxzkpmm57bgo7vqrlk44rop4jlxv"},"al3vskrjwcrrifh4l5xkq74urz4fdi6h":{"name":"gcc","version":"11.5.0","arch":{"platform":"linux","platform_os":"almalinux9","target":"x86_64"},"namespace":"builtin","parameters":{"binutils":true,"bootstrap":true,"build_system":"autotools","build_type":"RelWithDebInfo","futex":true,"graphite":false,"languages":["c","c++","fortran"],"libsanitizer":true,"nvptx":false,"piclibs":false,"profiled":false,"strip":false,"cflags":[],"cppflags":[],"cxxflags":[],"fflags":[],"ldflags":[],"ldlibs":[]},"external":{"path":"/usr","module":null,"extra_attributes":{"compilers":{"c":"/usr/bin/gcc","cxx":"/usr/bin/g++","fortran":"/usr/bin/gfortran"}}},"package_hash":"pcuxqx5uv4topn5clnozwcoqpzh32c2fyn3wujgfaqhgfkgiutka====","annotations":{"original_specfile_version":5},"hash":"al3vskrjwcrrifh4l5xkq74urz4fdi6h"}}}